
Microsoft Visual Studio Solution File, Format Version 12.00
# Visual Studio Version 17
VisualStudioVersion = 17.13.35931.197 d17.13
MinimumVisualStudioVersion = 10.0.40219.1
Project("{2150E333-8FDC-42A3-9474-1A3956D46DE8}") = "WebHostApp", "WebHostApp", "{02EA681E-C7D8-13C7-8484-4AC65E1B71E8}"
EndProject
Project("{2150E333-8FDC-42A3-9474-1A3956D46DE8}") = "Common", "Common", "{03F58035-E50A-4A3A-8B5D-6202507B70EC}"
EndProject
Project("{2150E333-8FDC-42A3-9474-1A3956D46DE8}") = "Modules", "Modules", "{1A0E1C82-A782-49E0-9142-525991113776}"
EndProject
Project("{FAE04EC0-301F-11D3-BF4B-00C04F79EFBC}") = "Em.Common", "Common\Em.Common\Em.Common.csproj", "{70AACDEF-4783-4712-9130-0FFBCC9F35DD}"
EndProject
Project("{FAE04EC0-301F-11D3-BF4B-00C04F79EFBC}") = "EM.Modules.Feature.Outflow", "Modules\EM.Modules.Feature.Outflow\EM.Modules.Feature.Outflow.csproj", "{A7AA1074-8DB7-49DA-9FCF-E94EF2F4B185}"
EndProject
Project("{FAE04EC0-301F-11D3-BF4B-00C04F79EFBC}") = "EM.WebHostApp", "WebHostApp\EM.WebHostApp\EM.WebHostApp.csproj", "{AAADD56B-F074-491B-9789-B31BF8C109C1}"
EndProject
Global
	GlobalSection(SolutionConfigurationPlatforms) = preSolution
		Debug|Any CPU = Debug|Any CPU
		Release|Any CPU = Release|Any CPU
	EndGlobalSection
	GlobalSection(ProjectConfigurationPlatforms) = postSolution
		{70AACDEF-4783-4712-9130-0FFBCC9F35DD}.Debug|Any CPU.ActiveCfg = Debug|Any CPU
		{70AACDEF-4783-4712-9130-0FFBCC9F35DD}.Debug|Any CPU.Build.0 = Debug|Any CPU
		{70AACDEF-4783-4712-9130-0FFBCC9F35DD}.Release|Any CPU.ActiveCfg = Release|Any CPU
		{70AACDEF-4783-4712-9130-0FFBCC9F35DD}.Release|Any CPU.Build.0 = Release|Any CPU
		{A7AA1074-8DB7-49DA-9FCF-E94EF2F4B185}.Debug|Any CPU.ActiveCfg = Debug|Any CPU
		{A7AA1074-8DB7-49DA-9FCF-E94EF2F4B185}.Debug|Any CPU.Build.0 = Debug|Any CPU
		{A7AA1074-8DB7-49DA-9FCF-E94EF2F4B185}.Release|Any CPU.ActiveCfg = Release|Any CPU
		{A7AA1074-8DB7-49DA-9FCF-E94EF2F4B185}.Release|Any CPU.Build.0 = Release|Any CPU
		{AAADD56B-F074-491B-9789-B31BF8C109C1}.Debug|Any CPU.ActiveCfg = Debug|Any CPU
		{AAADD56B-F074-491B-9789-B31BF8C109C1}.Debug|Any CPU.Build.0 = Debug|Any CPU
		{AAADD56B-F074-491B-9789-B31BF8C109C1}.Release|Any CPU.ActiveCfg = Release|Any CPU
		{AAADD56B-F074-491B-9789-B31BF8C109C1}.Release|Any CPU.Build.0 = Release|Any CPU
	EndGlobalSection
	GlobalSection(SolutionProperties) = preSolution
		HideSolutionNode = FALSE
	EndGlobalSection
	GlobalSection(NestedProjects) = preSolution
		{70AACDEF-4783-4712-9130-0FFBCC9F35DD} = {03F58035-E50A-4A3A-8B5D-6202507B70EC}
		{A7AA1074-8DB7-49DA-9FCF-E94EF2F4B185} = {1A0E1C82-A782-49E0-9142-525991113776}
		{AAADD56B-F074-491B-9789-B31BF8C109C1} = {02EA681E-C7D8-13C7-8484-4AC65E1B71E8}
	EndGlobalSection
	GlobalSection(ExtensibilityGlobals) = postSolution
		SolutionGuid = {7D1E6037-6D24-4F49-9E79-E13FB3DFFD5E}
	EndGlobalSection
EndGlobal
